
Microsoft Visual Studio Solution File, Format Version 12.00
# Visual Studio Version 17
VisualStudioVersion = 17.6.33829.357
MinimumVisualStudioVersion = 10.0.40219.1
Project("{FAE04EC0-301F-11D3-BF4B-00C04F79EFBC}") = "MarketplaceCompleto.App", "src\MarketplaceCompleto.App\MarketplaceCompleto.App.csproj", "{8032290B-CCDD-4AB8-9AE0-EE49D66982E5}"
EndProject
Project("{FAE04EC0-301F-11D3-BF4B-00C04F79EFBC}") = "MarketplaceCompleto.Business", "src\MarketplaceCompleto.Business\MarketplaceCompleto.Business.csproj", "{7824F236-6FC5-490B-A23A-6D6D695EE685}"
EndProject
Project("{FAE04EC0-301F-11D3-BF4B-00C04F79EFBC}") = "MarketplaceCompleto.Data", "src\MarketplaceCompleto.Data\MarketplaceCompleto.Data.csproj", "{9FAFE677-355D-40E5-B74B-36D63A41F92D}"
EndProject
Global
	GlobalSection(SolutionConfigurationPlatforms) = preSolution
		Debug|Any CPU = Debug|Any CPU
		Release|Any CPU = Release|Any CPU
	EndGlobalSection
	GlobalSection(ProjectConfigurationPlatforms) = postSolution
		{8032290B-CCDD-4AB8-9AE0-EE49D66982E5}.Debug|Any CPU.ActiveCfg = Debug|Any CPU
		{8032290B-CCDD-4AB8-9AE0-EE49D66982E5}.Debug|Any CPU.Build.0 = Debug|Any CPU
		{8032290B-CCDD-4AB8-9AE0-EE49D66982E5}.Release|Any CPU.ActiveCfg = Release|Any CPU
		{8032290B-CCDD-4AB8-9AE0-EE49D66982E5}.Release|Any CPU.Build.0 = Release|Any CPU
		{7824F236-6FC5-490B-A23A-6D6D695EE685}.Debug|Any CPU.ActiveCfg = Debug|Any CPU
		{7824F236-6FC5-490B-A23A-6D6D695EE685}.Debug|Any CPU.Build.0 = Debug|Any CPU
		{7824F236-6FC5-490B-A23A-6D6D695EE685}.Release|Any CPU.ActiveCfg = Release|Any CPU
		{7824F236-6FC5-490B-A23A-6D6D695EE685}.Release|Any CPU.Build.0 = Release|Any CPU
		{9FAFE677-355D-40E5-B74B-36D63A41F92D}.Debug|Any CPU.ActiveCfg = Debug|Any CPU
		{9FAFE677-355D-40E5-B74B-36D63A41F92D}.Debug|Any CPU.Build.0 = Debug|Any CPU
		{9FAFE677-355D-40E5-B74B-36D63A41F92D}.Release|Any CPU.ActiveCfg = Release|Any CPU
		{9FAFE677-355D-40E5-B74B-36D63A41F92D}.Release|Any CPU.Build.0 = Release|Any CPU
	EndGlobalSection
	GlobalSection(SolutionProperties) = preSolution
		HideSolutionNode = FALSE
	EndGlobalSection
	GlobalSection(ExtensibilityGlobals) = postSolution
		SolutionGuid = {8EE095E7-256F-4629-8CDE-8997FCAA1B0B}
	EndGlobalSection
EndGlobal
